// !$*UTF8*$!
{
	archiveVersion = 1;
	classes = {
	};
	objectVersion = 56;
	objects = {

/* Begin PBXBuildFile section */
		350D77ED2B30EA3B00B77C31 /* TMDBApp.swift in Sources */ = {isa = PBXBuildFile; fileRef = 350D77EC2B30EA3B00B77C31 /* TMDBApp.swift */; };
		350D77EF2B30EA3B00B77C31 /* ContentView.swift in Sources */ = {isa = PBXBuildFile; fileRef = 350D77EE2B30EA3B00B77C31 /* ContentView.swift */; };
		350D77F32B30EA3D00B77C31 /* Assets.xcassets in Resources */ = {isa = PBXBuildFile; fileRef = 350D77F22B30EA3D00B77C31 /* Assets.xcassets */; };
		350D77F62B30EA3D00B77C31 /* Preview Assets.xcassets in Resources */ = {isa = PBXBuildFile; fileRef = 350D77F52B30EA3D00B77C31 /* Preview Assets.xcassets */; };
		350D780A2B30EA3D00B77C31 /* TMDBUITests.swift in Sources */ = {isa = PBXBuildFile; fileRef = 350D78092B30EA3D00B77C31 /* TMDBUITests.swift */; };
		350D780C2B30EA3D00B77C31 /* TMDBUITestsLaunchTests.swift in Sources */ = {isa = PBXBuildFile; fileRef = 350D780B2B30EA3D00B77C31 /* TMDBUITestsLaunchTests.swift */; };
		35385E662B333EBC006B54BA /* MovieProvider.swift in Sources */ = {isa = PBXBuildFile; fileRef = 35385E652B333EBC006B54BA /* MovieProvider.swift */; };
		35385E6A2B3364EC006B54BA /* DateFormatter+extensions.swift in Sources */ = {isa = PBXBuildFile; fileRef = 35385E692B3364EC006B54BA /* DateFormatter+extensions.swift */; };
		35385E6C2B336513006B54BA /* DiscoverResult.swift in Sources */ = {isa = PBXBuildFile; fileRef = 35385E6B2B336513006B54BA /* DiscoverResult.swift */; };
		35385E6E2B336748006B54BA /* Secrets.plist in Resources */ = {isa = PBXBuildFile; fileRef = 35385E6D2B336748006B54BA /* Secrets.plist */; };
		35385E702B3367CA006B54BA /* SecretManager.swift in Sources */ = {isa = PBXBuildFile; fileRef = 35385E6F2B3367CA006B54BA /* SecretManager.swift */; };
		35C7D6E92B33816B009AD073 /* SecretManagerTests.swift in Sources */ = {isa = PBXBuildFile; fileRef = 35C7D6E82B33816B009AD073 /* SecretManagerTests.swift */; };
		35C7D6EB2B33863E009AD073 /* SecretTests.plist in Resources */ = {isa = PBXBuildFile; fileRef = 35C7D6EA2B33863E009AD073 /* SecretTests.plist */; };
		35C7D6ED2B339223009AD073 /* SecretTestsEmpty.plist in Resources */ = {isa = PBXBuildFile; fileRef = 35C7D6EC2B339223009AD073 /* SecretTestsEmpty.plist */; };
		35C7D6EF2B33984B009AD073 /* MovieProviderTests.swift in Sources */ = {isa = PBXBuildFile; fileRef = 35C7D6EE2B33984B009AD073 /* MovieProviderTests.swift */; };
		35C7D6F12B339E3A009AD073 /* DiscoverMovieResponse.json in Resources */ = {isa = PBXBuildFile; fileRef = 35C7D6F02B339E3A009AD073 /* DiscoverMovieResponse.json */; };
		35C7D6F42B34450E009AD073 /* MovieStore.swift in Sources */ = {isa = PBXBuildFile; fileRef = 35C7D6F32B34450E009AD073 /* MovieStore.swift */; };
/* End PBXBuildFile section */

/* Begin PBXContainerItemProxy section */
		350D77FC2B30EA3D00B77C31 /* PBXContainerItemProxy */ = {
			isa = PBXContainerItemProxy;
			containerPortal = 350D77E12B30EA3A00B77C31 /* Project object */;
			proxyType = 1;
			remoteGlobalIDString = 350D77E82B30EA3A00B77C31;
			remoteInfo = TMDB;
		};
		350D78062B30EA3D00B77C31 /* PBXContainerItemProxy */ = {
			isa = PBXContainerItemProxy;
			containerPortal = 350D77E12B30EA3A00B77C31 /* Project object */;
			proxyType = 1;
			remoteGlobalIDString = 350D77E82B30EA3A00B77C31;
			remoteInfo = TMDB;
		};
/* End PBXContainerItemProxy section */

/* Begin PBXFileReference section */
		350D77E92B30EA3B00B77C31 /* TMDB.app */ = {isa = PBXFileReference; explicitFileType = wrapper.application; includeInIndex = 0; path = TMDB.app; sourceTree = BUILT_PRODUCTS_DIR; };
		350D77EC2B30EA3B00B77C31 /* TMDBApp.swift */ = {isa = PBXFileReference; lastKnownFileType = sourcecode.swift; path = TMDBApp.swift; sourceTree = "<group>"; };
		350D77EE2B30EA3B00B77C31 /* ContentView.swift */ = {isa = PBXFileReference; lastKnownFileType = sourcecode.swift; path = ContentView.swift; sourceTree = "<group>"; };
		350D77F22B30EA3D00B77C31 /* Assets.xcassets */ = {isa = PBXFileReference; lastKnownFileType = folder.assetcatalog; path = Assets.xcassets; sourceTree = "<group>"; };
		350D77F52B30EA3D00B77C31 /* Preview Assets.xcassets */ = {isa = PBXFileReference; lastKnownFileType = folder.assetcatalog; path = "Preview Assets.xcassets"; sourceTree = "<group>"; };
		350D77FB2B30EA3D00B77C31 /* TMDBTests.xctest */ = {isa = PBXFileReference; explicitFileType = wrapper.cfbundle; includeInIndex = 0; path = TMDBTests.xctest; sourceTree = BUILT_PRODUCTS_DIR; };
		350D78052B30EA3D00B77C31 /* TMDBUITests.xctest */ = {isa = PBXFileReference; explicitFileType = wrapper.cfbundle; includeInIndex = 0; path = TMDBUITests.xctest; sourceTree = BUILT_PRODUCTS_DIR; };
		350D78092B30EA3D00B77C31 /* TMDBUITests.swift */ = {isa = PBXFileReference; lastKnownFileType = sourcecode.swift; path = TMDBUITests.swift; sourceTree = "<group>"; };
		350D780B2B30EA3D00B77C31 /* TMDBUITestsLaunchTests.swift */ = {isa = PBXFileReference; lastKnownFileType = sourcecode.swift; path = TMDBUITestsLaunchTests.swift; sourceTree = "<group>"; };
		35385E652B333EBC006B54BA /* MovieProvider.swift */ = {isa = PBXFileReference; lastKnownFileType = sourcecode.swift; path = MovieProvider.swift; sourceTree = "<group>"; };
		35385E692B3364EC006B54BA /* DateFormatter+extensions.swift */ = {isa = PBXFileReference; lastKnownFileType = sourcecode.swift; path = "DateFormatter+extensions.swift"; sourceTree = "<group>"; };
		35385E6B2B336513006B54BA /* DiscoverResult.swift */ = {isa = PBXFileReference; lastKnownFileType = sourcecode.swift; path = DiscoverResult.swift; sourceTree = "<group>"; };
		35385E6D2B336748006B54BA /* Secrets.plist */ = {isa = PBXFileReference; lastKnownFileType = text.plist.xml; path = Secrets.plist; sourceTree = "<group>"; };
		35385E6F2B3367CA006B54BA /* SecretManager.swift */ = {isa = PBXFileReference; lastKnownFileType = sourcecode.swift; path = SecretManager.swift; sourceTree = "<group>"; };
		359953A82B31091F00EE5AD9 /* TMDB.xctestplan */ = {isa = PBXFileReference; lastKnownFileType = text; path = TMDB.xctestplan; sourceTree = "<group>"; };
		35C7D6E82B33816B009AD073 /* SecretManagerTests.swift */ = {isa = PBXFileReference; lastKnownFileType = sourcecode.swift; path = SecretManagerTests.swift; sourceTree = "<group>"; };
		35C7D6EA2B33863E009AD073 /* SecretTests.plist */ = {isa = PBXFileReference; lastKnownFileType = text.plist.xml; path = SecretTests.plist; sourceTree = "<group>"; };
		35C7D6EC2B339223009AD073 /* SecretTestsEmpty.plist */ = {isa = PBXFileReference; fileEncoding = 4; lastKnownFileType = text.plist.xml; path = SecretTestsEmpty.plist; sourceTree = "<group>"; };
		35C7D6EE2B33984B009AD073 /* MovieProviderTests.swift */ = {isa = PBXFileReference; lastKnownFileType = sourcecode.swift; path = MovieProviderTests.swift; sourceTree = "<group>"; };
		35C7D6F02B339E3A009AD073 /* DiscoverMovieResponse.json */ = {isa = PBXFileReference; lastKnownFileType = text.json; path = DiscoverMovieResponse.json; sourceTree = "<group>"; };
		35C7D6F32B34450E009AD073 /* MovieStore.swift */ = {isa = PBXFileReference; lastKnownFileType = sourcecode.swift; path = MovieStore.swift; sourceTree = "<group>"; };
/* End PBXFileReference section */

/* Begin PBXFrameworksBuildPhase section */
		350D77E62B30EA3A00B77C31 /* Frameworks */ = {
			isa = PBXFrameworksBuildPhase;
			buildActionMask = 2147483647;
			files = (
			);
			runOnlyForDeploymentPostprocessing = 0;
		};
		350D77F82B30EA3D00B77C31 /* Frameworks */ = {
			isa = PBXFrameworksBuildPhase;
			buildActionMask = 2147483647;
			files = (
			);
			runOnlyForDeploymentPostprocessing = 0;
		};
		350D78022B30EA3D00B77C31 /* Frameworks */ = {
			isa = PBXFrameworksBuildPhase;
			buildActionMask = 2147483647;
			files = (
			);
			runOnlyForDeploymentPostprocessing = 0;
		};
/* End PBXFrameworksBuildPhase section */

/* Begin PBXGroup section */
		350D77E02B30EA3A00B77C31 = {
			isa = PBXGroup;
			children = (
				359953A92B31094700EE5AD9 /* TestPlans */,
				350D77EB2B30EA3B00B77C31 /* TMDB */,
				350D77FE2B30EA3D00B77C31 /* TMDBTests */,
				350D78082B30EA3D00B77C31 /* TMDBUITests */,
				350D77EA2B30EA3B00B77C31 /* Products */,
			);
			sourceTree = "<group>";
		};
		350D77EA2B30EA3B00B77C31 /* Products */ = {
			isa = PBXGroup;
			children = (
				350D77E92B30EA3B00B77C31 /* TMDB.app */,
				350D77FB2B30EA3D00B77C31 /* TMDBTests.xctest */,
				350D78052B30EA3D00B77C31 /* TMDBUITests.xctest */,
			);
			name = Products;
			sourceTree = "<group>";
		};
		350D77EB2B30EA3B00B77C31 /* TMDB */ = {
			isa = PBXGroup;
			children = (
				35C7D6F22B3444FB009AD073 /* Stores */,
				35385E642B333D4C006B54BA /* Networking */,
				350D77EC2B30EA3B00B77C31 /* TMDBApp.swift */,
				350D77EE2B30EA3B00B77C31 /* ContentView.swift */,
				350D77F22B30EA3D00B77C31 /* Assets.xcassets */,
				350D77F42B30EA3D00B77C31 /* Preview Content */,
			);
			path = TMDB;
			sourceTree = "<group>";
		};
		350D77F42B30EA3D00B77C31 /* Preview Content */ = {
			isa = PBXGroup;
			children = (
				350D77F52B30EA3D00B77C31 /* Preview Assets.xcassets */,
			);
			path = "Preview Content";
			sourceTree = "<group>";
		};
		350D77FE2B30EA3D00B77C31 /* TMDBTests */ = {
			isa = PBXGroup;
			children = (
				35C7D6E82B33816B009AD073 /* SecretManagerTests.swift */,
				35C7D6EE2B33984B009AD073 /* MovieProviderTests.swift */,
				35C7D6EA2B33863E009AD073 /* SecretTests.plist */,
				35C7D6EC2B339223009AD073 /* SecretTestsEmpty.plist */,
				35C7D6F02B339E3A009AD073 /* DiscoverMovieResponse.json */,
			);
			path = TMDBTests;
			sourceTree = "<group>";
		};
		350D78082B30EA3D00B77C31 /* TMDBUITests */ = {
			isa = PBXGroup;
			children = (
				350D78092B30EA3D00B77C31 /* TMDBUITests.swift */,
				350D780B2B30EA3D00B77C31 /* TMDBUITestsLaunchTests.swift */,
			);
			path = TMDBUITests;
			sourceTree = "<group>";
		};
		35385E642B333D4C006B54BA /* Networking */ = {
			isa = PBXGroup;
			children = (
				35385E652B333EBC006B54BA /* MovieProvider.swift */,
				35385E692B3364EC006B54BA /* DateFormatter+extensions.swift */,
				35385E6B2B336513006B54BA /* DiscoverResult.swift */,
				35385E6D2B336748006B54BA /* Secrets.plist */,
				35385E6F2B3367CA006B54BA /* SecretManager.swift */,
			);
			path = Networking;
			sourceTree = "<group>";
		};
		359953A92B31094700EE5AD9 /* TestPlans */ = {
			isa = PBXGroup;
			children = (
				359953A82B31091F00EE5AD9 /* TMDB.xctestplan */,
			);
			path = TestPlans;
			sourceTree = "<group>";
		};
		35C7D6F22B3444FB009AD073 /* Stores */ = {
			isa = PBXGroup;
			children = (
				35C7D6F32B34450E009AD073 /* MovieStore.swift */,
			);
			path = Stores;
			sourceTree = "<group>";
		};
/* End PBXGroup section */

/* Begin PBXNativeTarget section */
		350D77E82B30EA3A00B77C31 /* TMDB */ = {
			isa = PBXNativeTarget;
			buildConfigurationList = 350D780F2B30EA3D00B77C31 /* Build configuration list for PBXNativeTarget "TMDB" */;
			buildPhases = (
				350D77E52B30EA3A00B77C31 /* Sources */,
				350D77E62B30EA3A00B77C31 /* Frameworks */,
				350D77E72B30EA3A00B77C31 /* Resources */,
			);
			buildRules = (
			);
			dependencies = (
			);
			name = TMDB;
			productName = TMDB;
			productReference = 350D77E92B30EA3B00B77C31 /* TMDB.app */;
			productType = "com.apple.product-type.application";
		};
		350D77FA2B30EA3D00B77C31 /* TMDBTests */ = {
			isa = PBXNativeTarget;
			buildConfigurationList = 350D78122B30EA3D00B77C31 /* Build configuration list for PBXNativeTarget "TMDBTests" */;
			buildPhases = (
				350D77F72B30EA3D00B77C31 /* Sources */,
				350D77F82B30EA3D00B77C31 /* Frameworks */,
				350D77F92B30EA3D00B77C31 /* Resources */,
			);
			buildRules = (
			);
			dependencies = (
				350D77FD2B30EA3D00B77C31 /* PBXTargetDependency */,
			);
			name = TMDBTests;
			productName = TMDBTests;
			productReference = 350D77FB2B30EA3D00B77C31 /* TMDBTests.xctest */;
			productType = "com.apple.product-type.bundle.unit-test";
		};
		350D78042B30EA3D00B77C31 /* TMDBUITests */ = {
			isa = PBXNativeTarget;
			buildConfigurationList = 350D78152B30EA3D00B77C31 /* Build configuration list for PBXNativeTarget "TMDBUITests" */;
			buildPhases = (
				350D78012B30EA3D00B77C31 /* Sources */,
				350D78022B30EA3D00B77C31 /* Frameworks */,
				350D78032B30EA3D00B77C31 /* Resources */,
			);
			buildRules = (
			);
			dependencies = (
				350D78072B30EA3D00B77C31 /* PBXTargetDependency */,
			);
			name = TMDBUITests;
			productName = TMDBUITests;
			productReference = 350D78052B30EA3D00B77C31 /* TMDBUITests.xctest */;
			productType = "com.apple.product-type.bundle.ui-testing";
		};
/* End PBXNativeTarget section */

/* Begin PBXProject section */
		350D77E12B30EA3A00B77C31 /* Project object */ = {
			isa = PBXProject;
			attributes = {
				BuildIndependentTargetsInParallel = 1;
				LastSwiftUpdateCheck = 1510;
				LastUpgradeCheck = 1510;
				TargetAttributes = {
					350D77E82B30EA3A00B77C31 = {
						CreatedOnToolsVersion = 15.1;
					};
					350D77FA2B30EA3D00B77C31 = {
						CreatedOnToolsVersion = 15.1;
						TestTargetID = 350D77E82B30EA3A00B77C31;
					};
					350D78042B30EA3D00B77C31 = {
						CreatedOnToolsVersion = 15.1;
						TestTargetID = 350D77E82B30EA3A00B77C31;
					};
				};
			};
			buildConfigurationList = 350D77E42B30EA3A00B77C31 /* Build configuration list for PBXProject "TMDB" */;
			compatibilityVersion = "Xcode 14.0";
			developmentRegion = en;
			hasScannedForEncodings = 0;
			knownRegions = (
				en,
				Base,
			);
			mainGroup = 350D77E02B30EA3A00B77C31;
			productRefGroup = 350D77EA2B30EA3B00B77C31 /* Products */;
			projectDirPath = "";
			projectRoot = "";
			targets = (
				350D77E82B30EA3A00B77C31 /* TMDB */,
				350D77FA2B30EA3D00B77C31 /* TMDBTests */,
				350D78042B30EA3D00B77C31 /* TMDBUITests */,
			);
		};
/* End PBXProject section */

/* Begin PBXResourcesBuildPhase section */
		350D77E72B30EA3A00B77C31 /* Resources */ = {
			isa = PBXResourcesBuildPhase;
			buildActionMask = 2147483647;
			files = (
				350D77F62B30EA3D00B77C31 /* Preview Assets.xcassets in Resources */,
				35385E6E2B336748006B54BA /* Secrets.plist in Resources */,
				350D77F32B30EA3D00B77C31 /* Assets.xcassets in Resources */,
			);
			runOnlyForDeploymentPostprocessing = 0;
		};
		350D77F92B30EA3D00B77C31 /* Resources */ = {
			isa = PBXResourcesBuildPhase;
			buildActionMask = 2147483647;
			files = (
				35C7D6F12B339E3A009AD073 /* DiscoverMovieResponse.json in Resources */,
				35C7D6ED2B339223009AD073 /* SecretTestsEmpty.plist in Resources */,
				35C7D6EB2B33863E009AD073 /* SecretTests.plist in Resources */,
			);
			runOnlyForDeploymentPostprocessing = 0;
		};
		350D78032B30EA3D00B77C31 /* Resources */ = {
			isa = PBXResourcesBuildPhase;
			buildActionMask = 2147483647;
			files = (
			);
			runOnlyForDeploymentPostprocessing = 0;
		};
/* End PBXResourcesBuildPhase section */

/* Begin PBXSourcesBuildPhase section */
		350D77E52B30EA3A00B77C31 /* Sources */ = {
			isa = PBXSourcesBuildPhase;
			buildActionMask = 2147483647;
			files = (
				350D77EF2B30EA3B00B77C31 /* ContentView.swift in Sources */,
				35385E662B333EBC006B54BA /* MovieProvider.swift in Sources */,
				350D77ED2B30EA3B00B77C31 /* TMDBApp.swift in Sources */,
				35385E6A2B3364EC006B54BA /* DateFormatter+extensions.swift in Sources */,
				35385E6C2B336513006B54BA /* DiscoverResult.swift in Sources */,
				35385E702B3367CA006B54BA /* SecretManager.swift in Sources */,
				35C7D6F42B34450E009AD073 /* MovieStore.swift in Sources */,
			);
			runOnlyForDeploymentPostprocessing = 0;
		};
		350D77F72B30EA3D00B77C31 /* Sources */ = {
			isa = PBXSourcesBuildPhase;
			buildActionMask = 2147483647;
			files = (
				35C7D6E92B33816B009AD073 /* SecretManagerTests.swift in Sources */,
				35C7D6EF2B33984B009AD073 /* MovieProviderTests.swift in Sources */,
			);
			runOnlyForDeploymentPostprocessing = 0;
		};
		350D78012B30EA3D00B77C31 /* Sources */ = {
			isa = PBXSourcesBuildPhase;
			buildActionMask = 2147483647;
			files = (
				350D780A2B30EA3D00B77C31 /* TMDBUITests.swift in Sources */,
				350D780C2B30EA3D00B77C31 /* TMDBUITestsLaunchTests.swift in Sources */,
			);
			runOnlyForDeploymentPostprocessing = 0;
		};
/* End PBXSourcesBuildPhase section */

/* Begin PBXTargetDependency section */
		350D77FD2B30EA3D00B77C31 /* PBXTargetDependency */ = {
			isa = PBXTargetDependency;
			target = 350D77E82B30EA3A00B77C31 /* TMDB */;
			targetProxy = 350D77FC2B30EA3D00B77C31 /* PBXContainerItemProxy */;
		};
		350D78072B30EA3D00B77C31 /* PBXTargetDependency */ = {
			isa = PBXTargetDependency;
			target = 350D77E82B30EA3A00B77C31 /* TMDB */;
			targetProxy = 350D78062B30EA3D00B77C31 /* PBXContainerItemProxy */;
		};
/* End PBXTargetDependency section */

/* Begin XCBuildConfiguration section */
		350D780D2B30EA3D00B77C31 /* Debug */ = {
			isa = XCBuildConfiguration;
			buildSettings = {
				ALWAYS_SEARCH_USER_PATHS = NO;
				ASSETCATALOG_COMPILER_GENERATE_SWIFT_ASSET_SYMBOL_EXTENSIONS = YES;
				CLANG_ANALYZER_NONNULL = YES;
				CLANG_ANALYZER_NUMBER_OBJECT_CONVERSION = YES_AGGRESSIVE;
				CLANG_CXX_LANGUAGE_STANDARD = "gnu++20";
				CLANG_ENABLE_MODULES = YES;
				CLANG_ENABLE_OBJC_ARC = YES;
				CLANG_ENABLE_OBJC_WEAK = YES;
				CLANG_WARN_BLOCK_CAPTURE_AUTORELEASING = YES;
				CLANG_WARN_BOOL_CONVERSION = YES;
				CLANG_WARN_COMMA = YES;
				CLANG_WARN_CONSTANT_CONVERSION = YES;
				CLANG_WARN_DEPRECATED_OBJC_IMPLEMENTATIONS = YES;
				CLANG_WARN_DIRECT_OBJC_ISA_USAGE = YES_ERROR;
				CLANG_WARN_DOCUMENTATION_COMMENTS = YES;
				CLANG_WARN_EMPTY_BODY = YES;
				CLANG_WARN_ENUM_CONVERSION = YES;
				CLANG_WARN_INFINITE_RECURSION = YES;
				CLANG_WARN_INT_CONVERSION = YES;
				CLANG_WARN_NON_LITERAL_NULL_CONVERSION = YES;
				CLANG_WARN_OBJC_IMPLICIT_RETAIN_SELF = YES;
				CLANG_WARN_OBJC_LITERAL_CONVERSION = YES;
				CLANG_WARN_OBJC_ROOT_CLASS = YES_ERROR;
				CLANG_WARN_QUOTED_INCLUDE_IN_FRAMEWORK_HEADER = YES;
				CLANG_WARN_RANGE_LOOP_ANALYSIS = YES;
				CLANG_WARN_STRICT_PROTOTYPES = YES;
				CLANG_WARN_SUSPICIOUS_MOVE = YES;
				CLANG_WARN_UNGUARDED_AVAILABILITY = YES_AGGRESSIVE;
				CLANG_WARN_UNREACHABLE_CODE = YES;
				CLANG_WARN__DUPLICATE_METHOD_MATCH = YES;
				COPY_PHASE_STRIP = NO;
				DEBUG_INFORMATION_FORMAT = dwarf;
				ENABLE_STRICT_OBJC_MSGSEND = YES;
				ENABLE_TESTABILITY = YES;
				ENABLE_USER_SCRIPT_SANDBOXING = YES;
				GCC_C_LANGUAGE_STANDARD = gnu17;
				GCC_DYNAMIC_NO_PIC = NO;
				GCC_NO_COMMON_BLOCKS = YES;
				GCC_OPTIMIZATION_LEVEL = 0;
				GCC_PREPROCESSOR_DEFINITIONS = (
					"DEBUG=1",
					"$(inherited)",
				);
				GCC_WARN_64_TO_32_BIT_CONVERSION = YES;
				GCC_WARN_ABOUT_RETURN_TYPE = YES_ERROR;
				GCC_WARN_UNDECLARED_SELECTOR = YES;
				GCC_WARN_UNINITIALIZED_AUTOS = YES_AGGRESSIVE;
				GCC_WARN_UNUSED_FUNCTION = YES;
				GCC_WARN_UNUSED_VARIABLE = YES;
				IPHONEOS_DEPLOYMENT_TARGET = 17.0;
				LOCALIZATION_PREFERS_STRING_CATALOGS = YES;
				MTL_ENABLE_DEBUG_INFO = INCLUDE_SOURCE;
				MTL_FAST_MATH = YES;
				ONLY_ACTIVE_ARCH = YES;
				SDKROOT = iphoneos;
				SWIFT_ACTIVE_COMPILATION_CONDITIONS = "DEBUG $(inherited)";
				SWIFT_OPTIMIZATION_LEVEL = "-Onone";
			};
			name = Debug;
		};
		350D780E2B30EA3D00B77C31 /* Release */ = {
			isa = XCBuildConfiguration;
			buildSettings = {
				ALWAYS_SEARCH_USER_PATHS = NO;
				ASSETCATALOG_COMPILER_GENERATE_SWIFT_ASSET_SYMBOL_EXTENSIONS = YES;
				CLANG_ANALYZER_NONNULL = YES;
				CLANG_ANALYZER_NUMBER_OBJECT_CONVERSION = YES_AGGRESSIVE;
				CLANG_CXX_LANGUAGE_STANDARD = "gnu++20";
				CLANG_ENABLE_MODULES = YES;
				CLANG_ENABLE_OBJC_ARC = YES;
				CLANG_ENABLE_OBJC_WEAK = YES;
				CLANG_WARN_BLOCK_CAPTURE_AUTORELEASING = YES;
				CLANG_WARN_BOOL_CONVERSION = YES;
				CLANG_WARN_COMMA = YES;
				CLANG_WARN_CONSTANT_CONVERSION = YES;
				CLANG_WARN_DEPRECATED_OBJC_IMPLEMENTATIONS = YES;
				CLANG_WARN_DIRECT_OBJC_ISA_USAGE = YES_ERROR;
				CLANG_WARN_DOCUMENTATION_COMMENTS = YES;
				CLANG_WARN_EMPTY_BODY = YES;
				CLANG_WARN_ENUM_CONVERSION = YES;
				CLANG_WARN_INFINITE_RECURSION = YES;
				CLANG_WARN_INT_CONVERSION = YES;
				CLANG_WARN_NON_LITERAL_NULL_CONVERSION = YES;
				CLANG_WARN_OBJC_IMPLICIT_RETAIN_SELF = YES;
				CLANG_WARN_OBJC_LITERAL_CONVERSION = YES;
				CLANG_WARN_OBJC_ROOT_CLASS = YES_ERROR;
				CLANG_WARN_QUOTED_INCLUDE_IN_FRAMEWORK_HEADER = YES;
				CLANG_WARN_RANGE_LOOP_ANALYSIS = YES;
				CLANG_WARN_STRICT_PROTOTYPES = YES;
				CLANG_WARN_SUSPICIOUS_MOVE = YES;
				CLANG_WARN_UNGUARDED_AVAILABILITY = YES_AGGRESSIVE;
				CLANG_WARN_UNREACHABLE_CODE = YES;
				CLANG_WARN__DUPLICATE_METHOD_MATCH = YES;
				COPY_PHASE_STRIP = NO;
				DEBUG_INFORMATION_FORMAT = "dwarf-with-dsym";
				ENABLE_NS_ASSERTIONS = NO;
				ENABLE_STRICT_OBJC_MSGSEND = YES;
				ENABLE_USER_SCRIPT_SANDBOXING = YES;
				GCC_C_LANGUAGE_STANDARD = gnu17;
				GCC_NO_COMMON_BLOCKS = YES;
				GCC_WARN_64_TO_32_BIT_CONVERSION = YES;
				GCC_WARN_ABOUT_RETURN_TYPE = YES_ERROR;
				GCC_WARN_UNDECLARED_SELECTOR = YES;
				GCC_WARN_UNINITIALIZED_AUTOS = YES_AGGRESSIVE;
				GCC_WARN_UNUSED_FUNCTION = YES;
				GCC_WARN_UNUSED_VARIABLE = YES;
				IPHONEOS_DEPLOYMENT_TARGET = 17.0;
				LOCALIZATION_PREFERS_STRING_CATALOGS = YES;
				MTL_ENABLE_DEBUG_INFO = NO;
				MTL_FAST_MATH = YES;
				SDKROOT = iphoneos;
				SWIFT_COMPILATION_MODE = wholemodule;
				VALIDATE_PRODUCT = YES;
			};
			name = Release;
		};
		350D78102B30EA3D00B77C31 /* Debug */ = {
			isa = XCBuildConfiguration;
			buildSettings = {
				ASSETCATALOG_COMPILER_APPICON_NAME = AppIcon;
				ASSETCATALOG_COMPILER_GLOBAL_ACCENT_COLOR_NAME = AccentColor;
				CODE_SIGN_STYLE = Automatic;
				CURRENT_PROJECT_VERSION = 1;
				DEVELOPMENT_ASSET_PATHS = "\"TMDB/Preview Content\"";
				ENABLE_PREVIEWS = YES;
				GENERATE_INFOPLIST_FILE = YES;
				INFOPLIST_KEY_UIApplicationSceneManifest_Generation = YES;
				INFOPLIST_KEY_UIApplicationSupportsIndirectInputEvents = YES;
				INFOPLIST_KEY_UILaunchScreen_Generation = YES;
				INFOPLIST_KEY_UISupportedInterfaceOrientations_iPad = "UIInterfaceOrientationPortrait UIInterfaceOrientationPortraitUpsideDown UIInterfaceOrientationLandscapeLeft UIInterfaceOrientationLandscapeRight";
				INFOPLIST_KEY_UISupportedInterfaceOrientations_iPhone = "UIInterfaceOrientationPortrait UIInterfaceOrientationLandscapeLeft UIInterfaceOrientationLandscapeRight";
				IPHONEOS_DEPLOYMENT_TARGET = 17.0;
				LD_RUNPATH_SEARCH_PATHS = (
					"$(inherited)",
					"@executable_path/Frameworks",
				);
				MARKETING_VERSION = 1.0;
				PRODUCT_BUNDLE_IDENTIFIER = mb.TMDB;
				PRODUCT_NAME = "$(TARGET_NAME)";
				SWIFT_EMIT_LOC_STRINGS = YES;
				SWIFT_VERSION = 5.0;
				TARGETED_DEVICE_FAMILY = "1,2";
			};
			name = Debug;
		};
		350D78112B30EA3D00B77C31 /* Release */ = {
			isa = XCBuildConfiguration;
			buildSettings = {
				ASSETCATALOG_COMPILER_APPICON_NAME = AppIcon;
				ASSETCATALOG_COMPILER_GLOBAL_ACCENT_COLOR_NAME = AccentColor;
				CODE_SIGN_STYLE = Automatic;
				CURRENT_PROJECT_VERSION = 1;
				DEVELOPMENT_ASSET_PATHS = "\"TMDB/Preview Content\"";
				ENABLE_PREVIEWS = YES;
				GENERATE_INFOPLIST_FILE = YES;
				INFOPLIST_KEY_UIApplicationSceneManifest_Generation = YES;
				INFOPLIST_KEY_UIApplicationSupportsIndirectInputEvents = YES;
				INFOPLIST_KEY_UILaunchScreen_Generation = YES;
				INFOPLIST_KEY_UISupportedInterfaceOrientations_iPad = "UIInterfaceOrientationPortrait UIInterfaceOrientationPortraitUpsideDown UIInterfaceOrientationLandscapeLeft UIInterfaceOrientationLandscapeRight";
				INFOPLIST_KEY_UISupportedInterfaceOrientations_iPhone = "UIInterfaceOrientationPortrait UIInterfaceOrientationLandscapeLeft UIInterfaceOrientationLandscapeRight";
				IPHONEOS_DEPLOYMENT_TARGET = 17.0;
				LD_RUNPATH_SEARCH_PATHS = (
					"$(inherited)",
					"@executable_path/Frameworks",
				);
				MARKETING_VERSION = 1.0;
				PRODUCT_BUNDLE_IDENTIFIER = mb.TMDB;
				PRODUCT_NAME = "$(TARGET_NAME)";
				SWIFT_EMIT_LOC_STRINGS = YES;
				SWIFT_VERSION = 5.0;
				TARGETED_DEVICE_FAMILY = "1,2";
			};
			name = Release;
		};
		350D78132B30EA3D00B77C31 /* Debug */ = {
			isa = XCBuildConfiguration;
			buildSettings = {
				ALWAYS_EMBED_SWIFT_STANDARD_LIBRARIES = YES;
				BUNDLE_LOADER = "$(TEST_HOST)";
				CODE_SIGN_STYLE = Automatic;
				CURRENT_PROJECT_VERSION = 1;
				GENERATE_INFOPLIST_FILE = YES;
				IPHONEOS_DEPLOYMENT_TARGET = 17.0;
				MARKETING_VERSION = 1.0;
				PRODUCT_BUNDLE_IDENTIFIER = mb.TMDBTests;
				PRODUCT_NAME = "$(TARGET_NAME)";
				SWIFT_EMIT_LOC_STRINGS = NO;
				SWIFT_VERSION = 5.0;
				TARGETED_DEVICE_FAMILY = "1,2";
				TEST_HOST = "$(BUILT_PRODUCTS_DIR)/TMDB.app/$(BUNDLE_EXECUTABLE_FOLDER_PATH)/TMDB";
			};
			name = Debug;
		};
		350D78142B30EA3D00B77C31 /* Release */ = {
			isa = XCBuildConfiguration;
			buildSettings = {
				ALWAYS_EMBED_SWIFT_STANDARD_LIBRARIES = YES;
				BUNDLE_LOADER = "$(TEST_HOST)";
				CODE_SIGN_STYLE = Automatic;
				CURRENT_PROJECT_VERSION = 1;
				GENERATE_INFOPLIST_FILE = YES;
				IPHONEOS_DEPLOYMENT_TARGET = 17.0;
				MARKETING_VERSION = 1.0;
				PRODUCT_BUNDLE_IDENTIFIER = mb.TMDBTests;
				PRODUCT_NAME = "$(TARGET_NAME)";
				SWIFT_EMIT_LOC_STRINGS = NO;
				SWIFT_VERSION = 5.0;
				TARGETED_DEVICE_FAMILY = "1,2";
				TEST_HOST = "$(BUILT_PRODUCTS_DIR)/TMDB.app/$(BUNDLE_EXECUTABLE_FOLDER_PATH)/TMDB";
			};
			name = Release;
		};
		350D78162B30EA3D00B77C31 /* Debug */ = {
			isa = XCBuildConfiguration;
			buildSettings = {
				ALWAYS_EMBED_SWIFT_STANDARD_LIBRARIES = YES;
				CODE_SIGN_STYLE = Automatic;
				CURRENT_PROJECT_VERSION = 1;
				GENERATE_INFOPLIST_FILE = YES;
				MARKETING_VERSION = 1.0;
				PRODUCT_BUNDLE_IDENTIFIER = mb.TMDBUITests;
				PRODUCT_NAME = "$(TARGET_NAME)";
				SWIFT_EMIT_LOC_STRINGS = NO;
				SWIFT_VERSION = 5.0;
				TARGETED_DEVICE_FAMILY = "1,2";
				TEST_TARGET_NAME = TMDB;
			};
			name = Debug;
		};
		350D78172B30EA3D00B77C31 /* Release */ = {
			isa = XCBuildConfiguration;
			buildSettings = {
				ALWAYS_EMBED_SWIFT_STANDARD_LIBRARIES = YES;
				CODE_SIGN_STYLE = Automatic;
				CURRENT_PROJECT_VERSION = 1;
				GENERATE_INFOPLIST_FILE = YES;
				MARKETING_VERSION = 1.0;
				PRODUCT_BUNDLE_IDENTIFIER = mb.TMDBUITests;
				PRODUCT_NAME = "$(TARGET_NAME)";
				SWIFT_EMIT_LOC_STRINGS = NO;
				SWIFT_VERSION = 5.0;
				TARGETED_DEVICE_FAMILY = "1,2";
				TEST_TARGET_NAME = TMDB;
			};
			name = Release;
		};
/* End XCBuildConfiguration section */

/* Begin XCConfigurationList section */
		350D77E42B30EA3A00B77C31 /* Build configuration list for PBXProject "TMDB" */ = {
			isa = XCConfigurationList;
			buildConfigurations = (
				350D780D2B30EA3D00B77C31 /* Debug */,
				350D780E2B30EA3D00B77C31 /* Release */,
			);
			defaultConfigurationIsVisible = 0;
			defaultConfigurationName = Release;
		};
		350D780F2B30EA3D00B77C31 /* Build configuration list for PBXNativeTarget "TMDB" */ = {
			isa = XCConfigurationList;
			buildConfigurations = (
				350D78102B30EA3D00B77C31 /* Debug */,
				350D78112B30EA3D00B77C31 /* Release */,
			);
			defaultConfigurationIsVisible = 0;
			defaultConfigurationName = Release;
		};
		350D78122B30EA3D00B77C31 /* Build configuration list for PBXNativeTarget "TMDBTests" */ = {
			isa = XCConfigurationList;
			buildConfigurations = (
				350D78132B30EA3D00B77C31 /* Debug */,
				350D78142B30EA3D00B77C31 /* Release */,
			);
			defaultConfigurationIsVisible = 0;
			defaultConfigurationName = Release;
		};
		350D78152B30EA3D00B77C31 /* Build configuration list for PBXNativeTarget "TMDBUITests" */ = {
			isa = XCConfigurationList;
			buildConfigurations = (
				350D78162B30EA3D00B77C31 /* Debug */,
				350D78172B30EA3D00B77C31 /* Release */,
			);
			defaultConfigurationIsVisible = 0;
			defaultConfigurationName = Release;
		};
/* End XCConfigurationList section */
	};
	rootObject = 350D77E12B30EA3A00B77C31 /* Project object */;
}
